
Microsoft Visual Studio Solution File, Format Version 12.00
# Visual Studio Version 17
VisualStudioVersion = 17.0.32002.185
MinimumVisualStudioVersion = 10.0.40219.1
Project("{9A19103F-16F7-4668-BE54-9A1E7A4F7556}") = "ids", "ids.csproj", "{AF918622-74A8-472C-B950-3B35706E3519}"
EndProject
Global
	GlobalSection(SolutionConfigurationPlatforms) = preSolution
		Debug|Any CPU = Debug|Any CPU
		Release|Any CPU = Release|Any CPU
	EndGlobalSection
	GlobalSection(ProjectConfigurationPlatforms) = postSolution
		{AF918622-74A8-472C-B950-3B35706E3519}.Debug|Any CPU.ActiveCfg = Debug|Any CPU
		{AF918622-74A8-472C-B950-3B35706E3519}.Debug|Any CPU.Build.0 = Debug|Any CPU
		{AF918622-74A8-472C-B950-3B35706E3519}.Release|Any CPU.ActiveCfg = Release|Any CPU
		{AF918622-74A8-472C-B950-3B35706E3519}.Release|Any CPU.Build.0 = Release|Any CPU
	EndGlobalSection
	GlobalSection(SolutionProperties) = preSolution
		HideSolutionNode = FALSE
	EndGlobalSection
	GlobalSection(ExtensibilityGlobals) = postSolution
		SolutionGuid = {1890C294-5957-40B0-A7AF-F8F9C69BD198}
	EndGlobalSection
EndGlobal
